
Microsoft Visual Studio Solution File, Format Version 12.00
Project("{2150E333-8FDC-42A3-9474-1A3956D46DE8}") = "Prak 1.1", "Prak 1.1", "{D084D355-A11E-4E6C-8EAC-98F85F64872C}"
EndProject
Project("{FAE04EC0-301F-11D3-BF4B-00C04F79EFBC}") = "Zadanie 1", "Zadanie 1\Zadanie 1.csproj", "{44EB2272-348B-495F-88A0-1370495CABA3}"
EndProject
Project("{FAE04EC0-301F-11D3-BF4B-00C04F79EFBC}") = "Zadanie 2", "Zadanie 2\Zadanie 2.csproj", "{AE1DD952-124D-42DA-BBDD-EB66CEDD9D83}"
EndProject
Project("{FAE04EC0-301F-11D3-BF4B-00C04F79EFBC}") = "Zadanie 3", "Zadanie 3\Zadanie 3.csproj", "{375E740B-ADB4-4975-A1F9-61D070775CCB}"
EndProject
Project("{FAE04EC0-301F-11D3-BF4B-00C04F79EFBC}") = "Zadanie 4", "Zadanie 4\Zadanie 4.csproj", "{5B635796-B16F-4190-B5D4-C9FF76A2E822}"
EndProject
Project("{FAE04EC0-301F-11D3-BF4B-00C04F79EFBC}") = "Zadanie 5", "Zadanie 5\Zadanie 5.csproj", "{6A10A903-5574-4BA6-A712-2CA5B226F1FE}"
EndProject
Project("{2150E333-8FDC-42A3-9474-1A3956D46DE8}") = "Prak 1.2", "Prak 1.2", "{48760E81-F4B1-4D30-AFD4-B1D7EE0F10EF}"
EndProject
Project("{FAE04EC0-301F-11D3-BF4B-00C04F79EFBC}") = "Zadanie 2.1", "Zadanie 2.1\Zadanie 2.1.csproj", "{EB2FD768-44DB-4D32-A81A-B63885F529AB}"
EndProject
Project("{FAE04EC0-301F-11D3-BF4B-00C04F79EFBC}") = "Zadanie 2.2", "Zadanie 2.2\Zadanie 2.2.csproj", "{84F0F66D-E6C3-4595-8860-C64BD122F84E}"
EndProject
Project("{FAE04EC0-301F-11D3-BF4B-00C04F79EFBC}") = "Zadanie 2.3", "Zadanie 2.3\Zadanie 2.3.csproj", "{95C25803-6B12-4838-B765-AE4B91265055}"
EndProject
Project("{FAE04EC0-301F-11D3-BF4B-00C04F79EFBC}") = "Zadanie 2.4", "Zadanie 2.4\Zadanie 2.4.csproj", "{45FA1D65-180B-4029-A963-AB56E245B2B2}"
EndProject
Project("{FAE04EC0-301F-11D3-BF4B-00C04F79EFBC}") = "Zadanie 2.5", "Zadanie 2.5\Zadanie 2.5.csproj", "{F7835124-0EA6-4150-8650-5A45D9CAA66A}"
EndProject
Project("{2150E333-8FDC-42A3-9474-1A3956D46DE8}") = "Prak 1.3", "Prak 1.3", "{85FA5D8A-99B6-42DD-894F-7E565572FC46}"
EndProject
Project("{FAE04EC0-301F-11D3-BF4B-00C04F79EFBC}") = "Zadanie 3.1", "Zadanie 3.1\Zadanie 3.1.csproj", "{E0E7E324-88CA-488D-A640-D0D35482DDC8}"
EndProject
Project("{FAE04EC0-301F-11D3-BF4B-00C04F79EFBC}") = "Zadanie 3.2", "Zadanie 3.2\Zadanie 3.2.csproj", "{8790457A-D71F-45FB-ADF4-080E6491FB25}"
EndProject
Project("{2150E333-8FDC-42A3-9474-1A3956D46DE8}") = "Prak 1.4", "Prak 1.4", "{AAB67BDD-97E6-480C-A6C7-7CEE3D9FE3A8}"
EndProject
Project("{FAE04EC0-301F-11D3-BF4B-00C04F79EFBC}") = "Zadanie 4.1", "Zadanie 4.1\Zadanie 4.1.csproj", "{77EE77D5-523B-48A1-B0B5-173CB47CBB63}"
EndProject
Project("{FAE04EC0-301F-11D3-BF4B-00C04F79EFBC}") = "Zadanie 3.3", "Zadanie 3.3\Zadanie 3.3.csproj", "{63FBCC20-A2DF-4349-BD0C-EAED3CD89219}"
EndProject
Project("{FAE04EC0-301F-11D3-BF4B-00C04F79EFBC}") = "Zadanie 4.2", "Zadanie 4.2\Zadanie 4.2.csproj", "{CEC1A507-9EB6-42CB-8AFF-F1CE0CE76AA8}"
EndProject
Project("{FAE04EC0-301F-11D3-BF4B-00C04F79EFBC}") = "Zadanie 4.3", "Zadanie 4.3\Zadanie 4.3.csproj", "{41186D1D-97DE-4827-99FD-BF62D4472A3F}"
EndProject
Project("{FAE04EC0-301F-11D3-BF4B-00C04F79EFBC}") = "Zadanie 4.4", "Zadanie 4.4\Zadanie 4.4.csproj", "{0BCF21A4-D8D2-4FFD-962C-8F2346160DDC}"
EndProject
Project("{FAE04EC0-301F-11D3-BF4B-00C04F79EFBC}") = "Zadanie 4.5", "Zadanie 4.5\Zadanie 4.5.csproj", "{A4FE6F7E-8D90-4726-AF08-16FFBA587B09}"
EndProject
Project("{FAE04EC0-301F-11D3-BF4B-00C04F79EFBC}") = "Zadanie 4.6", "Zadanie 4.6\Zadanie 4.6.csproj", "{841864C9-9127-4AF9-93DF-3217F9769BB2}"
EndProject
Project("{2150E333-8FDC-42A3-9474-1A3956D46DE8}") = "Prak 1.5", "Prak 1.5", "{F0F1D6C1-1A5E-4366-90B2-AC0F75490D08}"
EndProject
Project("{FAE04EC0-301F-11D3-BF4B-00C04F79EFBC}") = "Zadanie 5.1", "Zadanie 5.1\Zadanie 5.1.csproj", "{BA1318C2-40C3-46DF-B0B9-2739C1456AFE}"
EndProject
Project("{FAE04EC0-301F-11D3-BF4B-00C04F79EFBC}") = "Zadanie 5.2", "Zadanie 5.2\Zadanie 5.2.csproj", "{E510D398-C4E5-4664-B4FE-172A79FC9DA4}"
EndProject
Project("{FAE04EC0-301F-11D3-BF4B-00C04F79EFBC}") = "Zadanie 5.3", "Zadanie 5.3\Zadanie 5.3.csproj", "{3D66354F-CA0E-48D5-A8A0-09C4D006E451}"
EndProject
Project("{FAE04EC0-301F-11D3-BF4B-00C04F79EFBC}") = "Zadanie 5.4", "Zadanie 5.4\Zadanie 5.4.csproj", "{4DBF5628-6EF0-4EE0-9BB1-30837D301918}"
EndProject
Project("{FAE04EC0-301F-11D3-BF4B-00C04F79EFBC}") = "Zadanie 5.5", "Zadanie 5.5\Zadanie 5.5.csproj", "{CF7561E9-DC8C-4821-B540-89CB64BD2610}"
EndProject
Project("{2150E333-8FDC-42A3-9474-1A3956D46DE8}") = "Prak 1.6", "Prak 1.6", "{A950B5DE-A8E1-4FE7-BCC4-CEE329F1FDEE}"
EndProject
Project("{FAE04EC0-301F-11D3-BF4B-00C04F79EFBC}") = "Zadanie 6.1", "Zadanie 6.1\Zadanie 6.1.csproj", "{46DCD24C-8303-4B93-8FB5-EEAE2EEA8A45}"
EndProject
Project("{FAE04EC0-301F-11D3-BF4B-00C04F79EFBC}") = "Zadanie 6.2", "Zadanie 6.2\Zadanie 6.2.csproj", "{B4B1022E-D173-46D3-9D1A-10287D678390}"
EndProject
Project("{FAE04EC0-301F-11D3-BF4B-00C04F79EFBC}") = "Zadanie 6.3", "Zadanie 6.3\Zadanie 6.3.csproj", "{9F07E1F3-855B-4BBC-8C91-6A0DEA6AAAE8}"
EndProject
Project("{FAE04EC0-301F-11D3-BF4B-00C04F79EFBC}") = "Zadanie 6.4", "Zadanie 6.4\Zadanie 6.4.csproj", "{F0DCF62C-97DF-4325-97CB-24D5132747BD}"
EndProject
Project("{FAE04EC0-301F-11D3-BF4B-00C04F79EFBC}") = "Zadaniе 6.5", "Zadaniе 6.5\Zadaniе 6.5.csproj", "{FFE265B0-D8E8-4691-8BBC-185E655CA56D}"
EndProject
Project("{FAE04EC0-301F-11D3-BF4B-00C04F79EFBC}") = "Zadanie 6.6", "Zadanie 6.6\Zadanie 6.6.csproj", "{AAF186EB-5E48-4891-BBFF-7FED7544C228}"
EndProject
Global
	GlobalSection(SolutionConfigurationPlatforms) = preSolution
		Debug|Any CPU = Debug|Any CPU
		Release|Any CPU = Release|Any CPU
	EndGlobalSection
	GlobalSection(ProjectConfigurationPlatforms) = postSolution
		{44EB2272-348B-495F-88A0-1370495CABA3}.Debug|Any CPU.ActiveCfg = Debug|Any CPU
		{44EB2272-348B-495F-88A0-1370495CABA3}.Debug|Any CPU.Build.0 = Debug|Any CPU
		{44EB2272-348B-495F-88A0-1370495CABA3}.Release|Any CPU.ActiveCfg = Release|Any CPU
		{44EB2272-348B-495F-88A0-1370495CABA3}.Release|Any CPU.Build.0 = Release|Any CPU
		{AE1DD952-124D-42DA-BBDD-EB66CEDD9D83}.Debug|Any CPU.ActiveCfg = Debug|Any CPU
		{AE1DD952-124D-42DA-BBDD-EB66CEDD9D83}.Debug|Any CPU.Build.0 = Debug|Any CPU
		{AE1DD952-124D-42DA-BBDD-EB66CEDD9D83}.Release|Any CPU.ActiveCfg = Release|Any CPU
		{AE1DD952-124D-42DA-BBDD-EB66CEDD9D83}.Release|Any CPU.Build.0 = Release|Any CPU
		{375E740B-ADB4-4975-A1F9-61D070775CCB}.Debug|Any CPU.ActiveCfg = Debug|Any CPU
		{375E740B-ADB4-4975-A1F9-61D070775CCB}.Debug|Any CPU.Build.0 = Debug|Any CPU
		{375E740B-ADB4-4975-A1F9-61D070775CCB}.Release|Any CPU.ActiveCfg = Release|Any CPU
		{375E740B-ADB4-4975-A1F9-61D070775CCB}.Release|Any CPU.Build.0 = Release|Any CPU
		{5B635796-B16F-4190-B5D4-C9FF76A2E822}.Debug|Any CPU.ActiveCfg = Debug|Any CPU
		{5B635796-B16F-4190-B5D4-C9FF76A2E822}.Debug|Any CPU.Build.0 = Debug|Any CPU
		{5B635796-B16F-4190-B5D4-C9FF76A2E822}.Release|Any CPU.ActiveCfg = Release|Any CPU
		{5B635796-B16F-4190-B5D4-C9FF76A2E822}.Release|Any CPU.Build.0 = Release|Any CPU
		{6A10A903-5574-4BA6-A712-2CA5B226F1FE}.Debug|Any CPU.ActiveCfg = Debug|Any CPU
		{6A10A903-5574-4BA6-A712-2CA5B226F1FE}.Debug|Any CPU.Build.0 = Debug|Any CPU
		{6A10A903-5574-4BA6-A712-2CA5B226F1FE}.Release|Any CPU.ActiveCfg = Release|Any CPU
		{6A10A903-5574-4BA6-A712-2CA5B226F1FE}.Release|Any CPU.Build.0 = Release|Any CPU
		{EB2FD768-44DB-4D32-A81A-B63885F529AB}.Debug|Any CPU.ActiveCfg = Debug|Any CPU
		{EB2FD768-44DB-4D32-A81A-B63885F529AB}.Debug|Any CPU.Build.0 = Debug|Any CPU
		{EB2FD768-44DB-4D32-A81A-B63885F529AB}.Release|Any CPU.ActiveCfg = Release|Any CPU
		{EB2FD768-44DB-4D32-A81A-B63885F529AB}.Release|Any CPU.Build.0 = Release|Any CPU
		{84F0F66D-E6C3-4595-8860-C64BD122F84E}.Debug|Any CPU.ActiveCfg = Debug|Any CPU
		{84F0F66D-E6C3-4595-8860-C64BD122F84E}.Debug|Any CPU.Build.0 = Debug|Any CPU
		{84F0F66D-E6C3-4595-8860-C64BD122F84E}.Release|Any CPU.ActiveCfg = Release|Any CPU
		{84F0F66D-E6C3-4595-8860-C64BD122F84E}.Release|Any CPU.Build.0 = Release|Any CPU
		{95C25803-6B12-4838-B765-AE4B91265055}.Debug|Any CPU.ActiveCfg = Debug|Any CPU
		{95C25803-6B12-4838-B765-AE4B91265055}.Debug|Any CPU.Build.0 = Debug|Any CPU
		{95C25803-6B12-4838-B765-AE4B91265055}.Release|Any CPU.ActiveCfg = Release|Any CPU
		{95C25803-6B12-4838-B765-AE4B91265055}.Release|Any CPU.Build.0 = Release|Any CPU
		{45FA1D65-180B-4029-A963-AB56E245B2B2}.Debug|Any CPU.ActiveCfg = Debug|Any CPU
		{45FA1D65-180B-4029-A963-AB56E245B2B2}.Debug|Any CPU.Build.0 = Debug|Any CPU
		{45FA1D65-180B-4029-A963-AB56E245B2B2}.Release|Any CPU.ActiveCfg = Release|Any CPU
		{45FA1D65-180B-4029-A963-AB56E245B2B2}.Release|Any CPU.Build.0 = Release|Any CPU
		{F7835124-0EA6-4150-8650-5A45D9CAA66A}.Debug|Any CPU.ActiveCfg = Debug|Any CPU
		{F7835124-0EA6-4150-8650-5A45D9CAA66A}.Debug|Any CPU.Build.0 = Debug|Any CPU
		{F7835124-0EA6-4150-8650-5A45D9CAA66A}.Release|Any CPU.ActiveCfg = Release|Any CPU
		{F7835124-0EA6-4150-8650-5A45D9CAA66A}.Release|Any CPU.Build.0 = Release|Any CPU
		{E0E7E324-88CA-488D-A640-D0D35482DDC8}.Debug|Any CPU.ActiveCfg = Debug|Any CPU
		{E0E7E324-88CA-488D-A640-D0D35482DDC8}.Debug|Any CPU.Build.0 = Debug|Any CPU
		{E0E7E324-88CA-488D-A640-D0D35482DDC8}.Release|Any CPU.ActiveCfg = Release|Any CPU
		{E0E7E324-88CA-488D-A640-D0D35482DDC8}.Release|Any CPU.Build.0 = Release|Any CPU
		{8790457A-D71F-45FB-ADF4-080E6491FB25}.Debug|Any CPU.ActiveCfg = Debug|Any CPU
		{8790457A-D71F-45FB-ADF4-080E6491FB25}.Debug|Any CPU.Build.0 = Debug|Any CPU
		{8790457A-D71F-45FB-ADF4-080E6491FB25}.Release|Any CPU.ActiveCfg = Release|Any CPU
		{8790457A-D71F-45FB-ADF4-080E6491FB25}.Release|Any CPU.Build.0 = Release|Any CPU
		{77EE77D5-523B-48A1-B0B5-173CB47CBB63}.Debug|Any CPU.ActiveCfg = Debug|Any CPU
		{77EE77D5-523B-48A1-B0B5-173CB47CBB63}.Debug|Any CPU.Build.0 = Debug|Any CPU
		{77EE77D5-523B-48A1-B0B5-173CB47CBB63}.Release|Any CPU.ActiveCfg = Release|Any CPU
		{77EE77D5-523B-48A1-B0B5-173CB47CBB63}.Release|Any CPU.Build.0 = Release|Any CPU
		{63FBCC20-A2DF-4349-BD0C-EAED3CD89219}.Debug|Any CPU.ActiveCfg = Debug|Any CPU
		{63FBCC20-A2DF-4349-BD0C-EAED3CD89219}.Debug|Any CPU.Build.0 = Debug|Any CPU
		{63FBCC20-A2DF-4349-BD0C-EAED3CD89219}.Release|Any CPU.ActiveCfg = Release|Any CPU
		{63FBCC20-A2DF-4349-BD0C-EAED3CD89219}.Release|Any CPU.Build.0 = Release|Any CPU
		{CEC1A507-9EB6-42CB-8AFF-F1CE0CE76AA8}.Debug|Any CPU.ActiveCfg = Debug|Any CPU
		{CEC1A507-9EB6-42CB-8AFF-F1CE0CE76AA8}.Debug|Any CPU.Build.0 = Debug|Any CPU
		{CEC1A507-9EB6-42CB-8AFF-F1CE0CE76AA8}.Release|Any CPU.ActiveCfg = Release|Any CPU
		{CEC1A507-9EB6-42CB-8AFF-F1CE0CE76AA8}.Release|Any CPU.Build.0 = Release|Any CPU
		{41186D1D-97DE-4827-99FD-BF62D4472A3F}.Debug|Any CPU.ActiveCfg = Debug|Any CPU
		{41186D1D-97DE-4827-99FD-BF62D4472A3F}.Debug|Any CPU.Build.0 = Debug|Any CPU
		{41186D1D-97DE-4827-99FD-BF62D4472A3F}.Release|Any CPU.ActiveCfg = Release|Any CPU
		{41186D1D-97DE-4827-99FD-BF62D4472A3F}.Release|Any CPU.Build.0 = Release|Any CPU
		{0BCF21A4-D8D2-4FFD-962C-8F2346160DDC}.Debug|Any CPU.ActiveCfg = Debug|Any CPU
		{0BCF21A4-D8D2-4FFD-962C-8F2346160DDC}.Debug|Any CPU.Build.0 = Debug|Any CPU
		{0BCF21A4-D8D2-4FFD-962C-8F2346160DDC}.Release|Any CPU.ActiveCfg = Release|Any CPU
		{0BCF21A4-D8D2-4FFD-962C-8F2346160DDC}.Release|Any CPU.Build.0 = Release|Any CPU
		{A4FE6F7E-8D90-4726-AF08-16FFBA587B09}.Debug|Any CPU.ActiveCfg = Debug|Any CPU
		{A4FE6F7E-8D90-4726-AF08-16FFBA587B09}.Debug|Any CPU.Build.0 = Debug|Any CPU
		{A4FE6F7E-8D90-4726-AF08-16FFBA587B09}.Release|Any CPU.ActiveCfg = Release|Any CPU
		{A4FE6F7E-8D90-4726-AF08-16FFBA587B09}.Release|Any CPU.Build.0 = Release|Any CPU
		{841864C9-9127-4AF9-93DF-3217F9769BB2}.Debug|Any CPU.ActiveCfg = Debug|Any CPU
		{841864C9-9127-4AF9-93DF-3217F9769BB2}.Debug|Any CPU.Build.0 = Debug|Any CPU
		{841864C9-9127-4AF9-93DF-3217F9769BB2}.Release|Any CPU.ActiveCfg = Release|Any CPU
		{841864C9-9127-4AF9-93DF-3217F9769BB2}.Release|Any CPU.Build.0 = Release|Any CPU
		{BA1318C2-40C3-46DF-B0B9-2739C1456AFE}.Debug|Any CPU.ActiveCfg = Debug|Any CPU
		{BA1318C2-40C3-46DF-B0B9-2739C1456AFE}.Debug|Any CPU.Build.0 = Debug|Any CPU
		{BA1318C2-40C3-46DF-B0B9-2739C1456AFE}.Release|Any CPU.ActiveCfg = Release|Any CPU
		{BA1318C2-40C3-46DF-B0B9-2739C1456AFE}.Release|Any CPU.Build.0 = Release|Any CPU
		{E510D398-C4E5-4664-B4FE-172A79FC9DA4}.Debug|Any CPU.ActiveCfg = Debug|Any CPU
		{E510D398-C4E5-4664-B4FE-172A79FC9DA4}.Debug|Any CPU.Build.0 = Debug|Any CPU
		{E510D398-C4E5-4664-B4FE-172A79FC9DA4}.Release|Any CPU.ActiveCfg = Release|Any CPU
		{E510D398-C4E5-4664-B4FE-172A79FC9DA4}.Release|Any CPU.Build.0 = Release|Any CPU
		{3D66354F-CA0E-48D5-A8A0-09C4D006E451}.Debug|Any CPU.ActiveCfg = Debug|Any CPU
		{3D66354F-CA0E-48D5-A8A0-09C4D006E451}.Debug|Any CPU.Build.0 = Debug|Any CPU
		{3D66354F-CA0E-48D5-A8A0-09C4D006E451}.Release|Any CPU.ActiveCfg = Release|Any CPU
		{3D66354F-CA0E-48D5-A8A0-09C4D006E451}.Release|Any CPU.Build.0 = Release|Any CPU
		{4DBF5628-6EF0-4EE0-9BB1-30837D301918}.Debug|Any CPU.ActiveCfg = Debug|Any CPU
		{4DBF5628-6EF0-4EE0-9BB1-30837D301918}.Debug|Any CPU.Build.0 = Debug|Any CPU
		{4DBF5628-6EF0-4EE0-9BB1-30837D301918}.Release|Any CPU.ActiveCfg = Release|Any CPU
		{4DBF5628-6EF0-4EE0-9BB1-30837D301918}.Release|Any CPU.Build.0 = Release|Any CPU
		{CF7561E9-DC8C-4821-B540-89CB64BD2610}.Debug|Any CPU.ActiveCfg = Debug|Any CPU
		{CF7561E9-DC8C-4821-B540-89CB64BD2610}.Debug|Any CPU.Build.0 = Debug|Any CPU
		{CF7561E9-DC8C-4821-B540-89CB64BD2610}.Release|Any CPU.ActiveCfg = Release|Any CPU
		{CF7561E9-DC8C-4821-B540-89CB64BD2610}.Release|Any CPU.Build.0 = Release|Any CPU
		{46DCD24C-8303-4B93-8FB5-EEAE2EEA8A45}.Debug|Any CPU.ActiveCfg = Debug|Any CPU
		{46DCD24C-8303-4B93-8FB5-EEAE2EEA8A45}.Debug|Any CPU.Build.0 = Debug|Any CPU
		{46DCD24C-8303-4B93-8FB5-EEAE2EEA8A45}.Release|Any CPU.ActiveCfg = Release|Any CPU
		{46DCD24C-8303-4B93-8FB5-EEAE2EEA8A45}.Release|Any CPU.Build.0 = Release|Any CPU
		{B4B1022E-D173-46D3-9D1A-10287D678390}.Debug|Any CPU.ActiveCfg = Debug|Any CPU
		{B4B1022E-D173-46D3-9D1A-10287D678390}.Debug|Any CPU.Build.0 = Debug|Any CPU
		{B4B1022E-D173-46D3-9D1A-10287D678390}.Release|Any CPU.ActiveCfg = Release|Any CPU
		{B4B1022E-D173-46D3-9D1A-10287D678390}.Release|Any CPU.Build.0 = Release|Any CPU
		{9F07E1F3-855B-4BBC-8C91-6A0DEA6AAAE8}.Debug|Any CPU.ActiveCfg = Debug|Any CPU
		{9F07E1F3-855B-4BBC-8C91-6A0DEA6AAAE8}.Debug|Any CPU.Build.0 = Debug|Any CPU
		{9F07E1F3-855B-4BBC-8C91-6A0DEA6AAAE8}.Release|Any CPU.ActiveCfg = Release|Any CPU
		{9F07E1F3-855B-4BBC-8C91-6A0DEA6AAAE8}.Release|Any CPU.Build.0 = Release|Any CPU
		{F0DCF62C-97DF-4325-97CB-24D5132747BD}.Debug|Any CPU.ActiveCfg = Debug|Any CPU
		{F0DCF62C-97DF-4325-97CB-24D5132747BD}.Debug|Any CPU.Build.0 = Debug|Any CPU
		{F0DCF62C-97DF-4325-97CB-24D5132747BD}.Release|Any CPU.ActiveCfg = Release|Any CPU
		{F0DCF62C-97DF-4325-97CB-24D5132747BD}.Release|Any CPU.Build.0 = Release|Any CPU
		{FFE265B0-D8E8-4691-8BBC-185E655CA56D}.Debug|Any CPU.ActiveCfg = Debug|Any CPU
		{FFE265B0-D8E8-4691-8BBC-185E655CA56D}.Debug|Any CPU.Build.0 = Debug|Any CPU
		{FFE265B0-D8E8-4691-8BBC-185E655CA56D}.Release|Any CPU.ActiveCfg = Release|Any CPU
		{FFE265B0-D8E8-4691-8BBC-185E655CA56D}.Release|Any CPU.Build.0 = Release|Any CPU
		{AAF186EB-5E48-4891-BBFF-7FED7544C228}.Debug|Any CPU.ActiveCfg = Debug|Any CPU
		{AAF186EB-5E48-4891-BBFF-7FED7544C228}.Debug|Any CPU.Build.0 = Debug|Any CPU
		{AAF186EB-5E48-4891-BBFF-7FED7544C228}.Release|Any CPU.ActiveCfg = Release|Any CPU
		{AAF186EB-5E48-4891-BBFF-7FED7544C228}.Release|Any CPU.Build.0 = Release|Any CPU
	EndGlobalSection
	GlobalSection(NestedProjects) = preSolution
		{44EB2272-348B-495F-88A0-1370495CABA3} = {D084D355-A11E-4E6C-8EAC-98F85F64872C}
		{AE1DD952-124D-42DA-BBDD-EB66CEDD9D83} = {D084D355-A11E-4E6C-8EAC-98F85F64872C}
		{375E740B-ADB4-4975-A1F9-61D070775CCB} = {D084D355-A11E-4E6C-8EAC-98F85F64872C}
		{5B635796-B16F-4190-B5D4-C9FF76A2E822} = {D084D355-A11E-4E6C-8EAC-98F85F64872C}
		{6A10A903-5574-4BA6-A712-2CA5B226F1FE} = {D084D355-A11E-4E6C-8EAC-98F85F64872C}
		{EB2FD768-44DB-4D32-A81A-B63885F529AB} = {48760E81-F4B1-4D30-AFD4-B1D7EE0F10EF}
		{84F0F66D-E6C3-4595-8860-C64BD122F84E} = {48760E81-F4B1-4D30-AFD4-B1D7EE0F10EF}
		{95C25803-6B12-4838-B765-AE4B91265055} = {48760E81-F4B1-4D30-AFD4-B1D7EE0F10EF}
		{45FA1D65-180B-4029-A963-AB56E245B2B2} = {48760E81-F4B1-4D30-AFD4-B1D7EE0F10EF}
		{F7835124-0EA6-4150-8650-5A45D9CAA66A} = {48760E81-F4B1-4D30-AFD4-B1D7EE0F10EF}
		{E0E7E324-88CA-488D-A640-D0D35482DDC8} = {85FA5D8A-99B6-42DD-894F-7E565572FC46}
		{8790457A-D71F-45FB-ADF4-080E6491FB25} = {85FA5D8A-99B6-42DD-894F-7E565572FC46}
		{77EE77D5-523B-48A1-B0B5-173CB47CBB63} = {AAB67BDD-97E6-480C-A6C7-7CEE3D9FE3A8}
		{63FBCC20-A2DF-4349-BD0C-EAED3CD89219} = {85FA5D8A-99B6-42DD-894F-7E565572FC46}
		{CEC1A507-9EB6-42CB-8AFF-F1CE0CE76AA8} = {AAB67BDD-97E6-480C-A6C7-7CEE3D9FE3A8}
		{41186D1D-97DE-4827-99FD-BF62D4472A3F} = {AAB67BDD-97E6-480C-A6C7-7CEE3D9FE3A8}
		{0BCF21A4-D8D2-4FFD-962C-8F2346160DDC} = {AAB67BDD-97E6-480C-A6C7-7CEE3D9FE3A8}
		{A4FE6F7E-8D90-4726-AF08-16FFBA587B09} = {AAB67BDD-97E6-480C-A6C7-7CEE3D9FE3A8}
		{841864C9-9127-4AF9-93DF-3217F9769BB2} = {AAB67BDD-97E6-480C-A6C7-7CEE3D9FE3A8}
		{BA1318C2-40C3-46DF-B0B9-2739C1456AFE} = {F0F1D6C1-1A5E-4366-90B2-AC0F75490D08}
		{E510D398-C4E5-4664-B4FE-172A79FC9DA4} = {F0F1D6C1-1A5E-4366-90B2-AC0F75490D08}
		{3D66354F-CA0E-48D5-A8A0-09C4D006E451} = {F0F1D6C1-1A5E-4366-90B2-AC0F75490D08}
		{4DBF5628-6EF0-4EE0-9BB1-30837D301918} = {F0F1D6C1-1A5E-4366-90B2-AC0F75490D08}
		{CF7561E9-DC8C-4821-B540-89CB64BD2610} = {F0F1D6C1-1A5E-4366-90B2-AC0F75490D08}
		{46DCD24C-8303-4B93-8FB5-EEAE2EEA8A45} = {A950B5DE-A8E1-4FE7-BCC4-CEE329F1FDEE}
		{B4B1022E-D173-46D3-9D1A-10287D678390} = {A950B5DE-A8E1-4FE7-BCC4-CEE329F1FDEE}
		{9F07E1F3-855B-4BBC-8C91-6A0DEA6AAAE8} = {A950B5DE-A8E1-4FE7-BCC4-CEE329F1FDEE}
		{F0DCF62C-97DF-4325-97CB-24D5132747BD} = {A950B5DE-A8E1-4FE7-BCC4-CEE329F1FDEE}
		{FFE265B0-D8E8-4691-8BBC-185E655CA56D} = {A950B5DE-A8E1-4FE7-BCC4-CEE329F1FDEE}
		{AAF186EB-5E48-4891-BBFF-7FED7544C228} = {A950B5DE-A8E1-4FE7-BCC4-CEE329F1FDEE}
	EndGlobalSection
EndGlobal
